
Microsoft Visual Studio Solution File, Format Version 12.00
# Visual Studio Version 16
VisualStudioVersion = 16.0.29709.97
MinimumVisualStudioVersion = 10.0.40219.1
Project("{FAE04EC0-301F-11D3-BF4B-00C04F79EFBC}") = "CourseLibrary.API", "CourseLibrary.API\CourseLibrary.API.csproj", "{629DFB09-012E-4A66-BEA2-F2464F54C09C}"
EndProject
Global
	GlobalSection(SolutionConfigurationPlatforms) = preSolution
		Debug|Any CPU = Debug|Any CPU
		Release|Any CPU = Release|Any CPU
	EndGlobalSection
	GlobalSection(ProjectConfigurationPlatforms) = postSolution
		{629DFB09-012E-4A66-BEA2-F2464F54C09C}.Debug|Any CPU.ActiveCfg = Debug|Any CPU
		{629DFB09-012E-4A66-BEA2-F2464F54C09C}.Debug|Any CPU.Build.0 = Debug|Any CPU
		{629DFB09-012E-4A66-BEA2-F2464F54C09C}.Release|Any CPU.ActiveCfg = Release|Any CPU
		{629DFB09-012E-4A66-BEA2-F2464F54C09C}.Release|Any CPU.Build.0 = Release|Any CPU
	EndGlobalSection
	GlobalSection(SolutionProperties) = preSolution
		HideSolutionNode = FALSE
	EndGlobalSection
	GlobalSection(ExtensibilityGlobals) = postSolution
		SolutionGuid = {336A2908-110B-4774-B8C3-45B6A0038F9D}
	EndGlobalSection
EndGlobal
